{
    "hash": "b3d778f928d7b026573b66b36e66655b",
    "packages": [
        {
            "package": "beberlei/DoctrineExtensions",
            "version": "dev-master",
            "source-reference": "v0.1",
            "commit-date": "1337151874"
        },
        {
            "package": "doctrine/common",
            "version": "2.3.x-dev",
            "source-reference": "2ec4bc6db13db6a0976a16b71058083c55cbcdbd",
            "commit-date": "1343847076"
        },
        {
            "package": "doctrine/data-fixtures",
            "version": "dev-master",
            "source-reference": "779c3dfe446b6da893be87b908d6be28345d1e01",
            "commit-date": "1341780535"
        },
        {
            "package": "doctrine/dbal",
            "version": "2.3.x-dev",
            "source-reference": "86b10e7eda2eed1d9a07a580a40e14cea8e1733a",
            "commit-date": "1343559046"
        },
        {
            "package": "doctrine/doctrine-bundle",
            "version": "dev-master",
            "alias-pretty-version": "1.0.x-dev",
            "alias-version": "1.0.9999999.9999999-dev"
        },
        {
            "package": "doctrine/doctrine-bundle",
            "version": "dev-master",
            "source-reference": "4d9bb0f3af470556983eb41a7d19ede23401ef0b",
            "commit-date": "1344549563"
        },
        {
            "package": "doctrine/doctrine-fixtures-bundle",
            "version": "dev-master",
            "source-reference": "a5103a71bcd9b2f851ca6c16519a077784a3184a",
            "commit-date": "1341472847"
        },
        {
            "package": "doctrine/doctrine-migrations-bundle",
            "version": "dev-master",
            "source-reference": "3792aa78445773387754c6853bbd7f4dcb31f486",
            "commit-date": "1341472972"
        },
        {
            "package": "doctrine/migrations",
            "version": "dev-master",
            "source-reference": "b86b4cc0a39714f0aa53b908d495beacfa0e4011",
            "commit-date": "1343202693"
        },
        {
            "package": "doctrine/orm",
            "version": "2.3.x-dev",
            "source-reference": "17862d9a2a38bf801e564d09a26eea8503621ae0",
            "commit-date": "1343850025"
        },
        {
            "package": "fzaninotto/faker",
            "version": "dev-master",
            "source-reference": "a7b85d8a3dbec21b2d36ea05c633be827555d221",
            "commit-date": "1343912123"
        },
        {
            "package": "jms/i18n-routing-bundle",
            "version": "dev-master",
            "source-reference": "ff29b3dddeb802790ffce506a35e7423bd45a1b2",
            "commit-date": "1342777687"
        },
        {
            "package": "jms/translation-bundle",
            "version": "dev-master",
            "source-reference": "1f9ae6d3a6a4785e3b4e8f0de19e4f69a71667da",
            "commit-date": "1343809385"
        },
        {
            "package": "knplabs/knp-markdown-bundle",
            "version": "dev-master",
            "source-reference": "d0fac3f6d2ac502386ee73def9cf900029e1d353",
            "commit-date": "1339679093"
        },
        {
            "package": "kriswallsmith/assetic",
            "version": "dev-master",
            "alias-pretty-version": "1.1.x-dev",
            "alias-version": "1.1.9999999.9999999-dev"
        },
        {
            "package": "kriswallsmith/assetic",
            "version": "dev-master",
            "source-reference": "d1d5066d9071a76d771993081ee23137e96216b7",
            "commit-date": "1344507381"
        },
        {
            "package": "kriswallsmith/buzz",
            "version": "dev-master",
            "source-reference": "2ba5da13b1b03590f0164b3fb61578078d671fcc",
            "commit-date": "1341070218"
        },
        {
            "package": "monolog/monolog",
            "version": "1.1.0"
        },
        {
            "package": "nikic/php-parser",
            "version": "v0.9.1"
        },
        {
            "package": "pagerfanta/pagerfanta",
            "version": "dev-master",
            "source-reference": "486a9b809fa7660787fb3b97dffcc26d30de6356",
            "commit-date": "1343021263"
        },
        {
            "package": "sensio/buzz-bundle",
            "version": "dev-master",
            "source-reference": "0754d7dd155efc4f85de60993571b0b6a5aaccb9",
            "commit-date": "1338188924"
        },
        {
            "package": "sensio/distribution-bundle",
            "version": "dev-master",
            "source-reference": "e5e3e4758bfe4dd5fab74bccf9418888d1492691",
            "commit-date": "1344928161"
        },
        {
            "package": "swiftmailer/swiftmailer",
            "version": "dev-master",
            "alias-pretty-version": "4.2.x-dev",
            "alias-version": "4.2.9999999.9999999-dev"
        },
        {
            "package": "swiftmailer/swiftmailer",
            "version": "dev-master",
            "source-reference": "19045c3692f6f6ddb4abc5ebfaf3f86f1c57d265",
            "commit-date": "1343980916"
        },
        {
            "package": "symfony/assetic-bundle",
            "version": "dev-master",
            "source-reference": "ec3a65d3eab342af9e93a3c21af0ac7b78e01c17",
            "commit-date": "1344507386"
        },
        {
            "package": "symfony/monolog-bundle",
            "version": "dev-master",
            "source-reference": "v2.1.0-BETA4",
            "commit-date": "1341078487"
        },
        {
            "package": "symfony/swiftmailer-bundle",
            "version": "dev-master",
            "source-reference": "v2.1.0-RC1",
            "commit-date": "1342684512"
        },
        {
            "package": "symfony/symfony",
            "version": "dev-master",
            "alias-pretty-version": "2.1.x-dev",
            "alias-version": "2.1.9999999.9999999-dev"
        },
        {
            "package": "symfony/symfony",
            "version": "dev-master",
            "source-reference": "fa4f9f58ff19b98cf91a60c356a7cc51e4383f9d",
            "commit-date": "1344888947"
        },
        {
            "package": "twig/extensions",
            "version": "dev-master",
            "source-reference": "feb6d3f10c411e2631997c0a905aa581c80305c1",
            "commit-date": "1337599699"
        },
        {
            "package": "twig/twig",
            "version": "dev-master",
            "alias-pretty-version": "1.9.x-dev",
            "alias-version": "1.9.9999999.9999999-dev"
        },
        {
            "package": "twig/twig",
            "version": "dev-master",
            "source-reference": "f2f698c820d4396f519ef4175ad6fe79fcfb9ecf",
            "commit-date": "1344328685"
        },
        {
            "package": "white-october/pagerfanta-bundle",
            "version": "dev-master",
            "source-reference": "38e317a3ecd5a68e2322024ea8fe57632d4ddd68",
            "commit-date": "1343134121"
        },
        {
            "package": "willdurand/geocoder",
            "version": "dev-master",
            "source-reference": "4d045561ca04ff6d1f2a218644c708727437afdf",
            "commit-date": "1343287010"
        },
        {
            "package": "willdurand/geocoder-bundle",
            "version": "dev-master",
            "source-reference": "b37c374ed3e6a4dc4b7b1a327cf15640f51129f7",
            "commit-date": "1342516292"
        }
    ],
    "packages-dev": null,
    "aliases": [

    ],
    "minimum-stability": "dev",
    "stability-flags": {
        "twig/extensions": 20,
        "fzaninotto/faker": 20,
        "symfony/swiftmailer-bundle": 20,
        "symfony/monolog-bundle": 20,
        "symfony/assetic-bundle": 20,
        "doctrine/doctrine-bundle": 20,
        "doctrine/doctrine-fixtures-bundle": 20,
        "doctrine/doctrine-migrations-bundle": 20,
        "white-october/pagerfanta-bundle": 20,
        "sensio/buzz-bundle": 20,
        "jms/i18n-routing-bundle": 20,
        "sensio/distribution-bundle": 20,
        "willdurand/geocoder-bundle": 20,
        "knplabs/knp-markdown-bundle": 20,
        "beberlei/doctrineextensions": 20
    }
}
