{
    "hash": "337ab41b4e8958ea7692e6b882c5980d",
    "packages": [
        {
            "package": "doctrine/common",
            "version": "2.2.2"
        },
        {
            "package": "doctrine/data-fixtures",
            "version": "dev-master",
            "source-reference": "f201391349f3dc6bd9c9c698927ea7c78104c461"
        },
        {
            "package": "doctrine/dbal",
            "version": "2.2.2"
        },
        {
            "package": "doctrine/doctrine-bundle",
            "version": "dev-master",
            "source-reference": "5dad4a6ae187c6d345ec2b02be20ccc33779f53e"
        },
        {
            "package": "doctrine/doctrine-fixtures-bundle",
            "version": "dev-master",
            "source-reference": "33b267d3068d6c2f8daa0b417285cf76e7f82fc4"
        },
        {
            "package": "doctrine/doctrine-migrations-bundle",
            "version": "dev-master",
            "source-reference": "e670643b1011fb997a209d8564a1c493fda1f4c3"
        },
        {
            "package": "doctrine/migrations",
            "version": "dev-master",
            "source-reference": "fe98141b1e460baf5ab52f9139e1ae238101b28b"
        },
        {
            "package": "doctrine/orm",
            "version": "2.2.0"
        },
        {
            "package": "fzaninotto/faker",
            "version": "dev-master",
            "source-reference": "a6589c64c33a9a4f16cac52c3f1ada710e1e6448"
        },
        {
            "package": "jms/translation-bundle",
            "version": "dev-master",
            "source-reference": "a08ff9d59917363d8efc39ba2a21f5bf458b18b3"
        },
        {
            "package": "kriswallsmith/assetic",
            "version": "dev-master",
            "source-reference": "1a1b5f963db158a1065343fab617d25ce351a2dc"
        },
        {
            "package": "kriswallsmith/assetic",
            "version": "dev-master",
            "source-reference": "1a1b5f963db158a1065343fab617d25ce351a2dc",
            "alias-pretty-version": "1.1.x-dev",
            "alias-version": "1.1.9999999.9999999-dev"
        },
        {
            "package": "kriswallsmith/buzz",
            "version": "dev-master",
            "source-reference": "1bab480dfdb3e4687dcb60a76eaed5b1e59a20cb"
        },
        {
            "package": "madalynn/plum",
            "version": "dev-master",
            "source-reference": "v1.1"
        },
        {
            "package": "madalynn/plum-bundle",
            "version": "dev-master",
            "source-reference": "6f7032db7c31d8fcbf378c266cd82f032a2ee963"
        },
        {
            "package": "monolog/monolog",
            "version": "1.1.0"
        },
        {
            "package": "nercury-jms/i18n-routing-bundle",
            "version": "dev-master",
            "source-reference": "29abce891fc0330e4e57bfb240e0db367f98486f"
        },
        {
            "package": "nikic/php-parser",
            "version": "v0.9.1"
        },
        {
            "package": "pagerfanta/pagerfanta",
            "version": "dev-master",
            "source-reference": "c490684def33e992241e7fad33bcbd03d9d18643"
        },
        {
            "package": "sensio/buzz-bundle",
            "version": "dev-master",
            "source-reference": "c8c0ef65768fddfa28e41cb513b0b9b4dec04ee6"
        },
        {
            "package": "sensio/distribution-bundle",
            "version": "dev-master",
            "source-reference": "6517345b6b28021efad311123413000792e892ee"
        },
        {
            "package": "swiftmailer/swiftmailer",
            "version": "dev-master",
            "source-reference": "57789082d1d53529dcf8cd3ca132d9787a59afee"
        },
        {
            "package": "swiftmailer/swiftmailer",
            "version": "dev-master",
            "source-reference": "57789082d1d53529dcf8cd3ca132d9787a59afee",
            "alias-pretty-version": "4.1.x-dev",
            "alias-version": "4.1.9999999.9999999-dev"
        },
        {
            "package": "symfony/assetic-bundle",
            "version": "dev-master",
            "source-reference": "61c9f363e73b4ecbb72f81eb62675260a1132048"
        },
        {
            "package": "symfony/monolog-bundle",
            "version": "dev-master",
            "source-reference": "4d5a969dc5b34c8b0cea3521ce7fbb43b965af3f"
        },
        {
            "package": "symfony/swiftmailer-bridge",
            "version": "dev-master",
            "source-reference": "509901cb13f43a6319a55804f787d206aa649ab4",
            "alias-pretty-version": "2.1.x-dev",
            "alias-version": "2.1.9999999.9999999-dev"
        },
        {
            "package": "symfony/swiftmailer-bridge",
            "version": "dev-master",
            "source-reference": "509901cb13f43a6319a55804f787d206aa649ab4"
        },
        {
            "package": "symfony/swiftmailer-bundle",
            "version": "dev-master",
            "source-reference": "1c6b57fe57210e9dcb5b4586d6572f47d17a25d7"
        },
        {
            "package": "symfony/symfony",
            "version": "dev-master",
            "source-reference": "1e15f2109633723b710e87184643cad88004b1b9",
            "alias-pretty-version": "2.1.x-dev",
            "alias-version": "2.1.9999999.9999999-dev"
        },
        {
            "package": "symfony/symfony",
            "version": "dev-master",
            "source-reference": "1e15f2109633723b710e87184643cad88004b1b9"
        },
        {
            "package": "twig/extensions",
            "version": "dev-master",
            "source-reference": "446d870272cd87a720e95242eade38a2acf56eaa"
        },
        {
            "package": "twig/twig",
            "version": "dev-master",
            "source-reference": "875fa010ce597edf97c04ce6490be950068e9372",
            "alias-pretty-version": "1.8.x-dev",
            "alias-version": "1.8.9999999.9999999-dev"
        },
        {
            "package": "twig/twig",
            "version": "dev-master",
            "source-reference": "875fa010ce597edf97c04ce6490be950068e9372"
        },
        {
            "package": "white-october/pagerfanta-bundle",
            "version": "dev-master",
            "source-reference": "752653b8c3a8e0c1034eec23485a5d9126b8ca51"
        },
        {
            "package": "willdurand/geocoder",
            "version": "dev-master",
            "source-reference": "1.0.4"
        },
        {
            "package": "willdurand/geocoder-bundle",
            "version": "dev-master",
            "source-reference": "843f316a11b5af4847c70ef79527d30407403a6e"
        }
    ],
    "packages-dev": null,
    "aliases": [

    ],
    "minimum-stability": "dev",
    "stability-flags": {
        "twig/extensions": 20,
        "fzaninotto/faker": 20,
        "symfony/swiftmailer-bundle": 20,
        "symfony/monolog-bundle": 20,
        "symfony/assetic-bundle": 20,
        "doctrine/doctrine-bundle": 20,
        "doctrine/doctrine-fixtures-bundle": 20,
        "doctrine/doctrine-migrations-bundle": 20,
        "white-october/pagerfanta-bundle": 20,
        "madalynn/plum-bundle": 20,
        "sensio/buzz-bundle": 20,
        "nercury-jms/i18n-routing-bundle": 20,
        "sensio/distribution-bundle": 20,
        "willdurand/geocoder-bundle": 20
    }
}
