symfony 848f87504de4cf825f1e44f20e89fb266f64e653
twig 0b7d6dfa0cf0dfb6a3c5745b6434ebd6ea32e90e
doctrine-common 441d276795d3e2cbb4196138a4c12c6d35a5f740
doctrine-dbal b4a6d4a66bc0da31893a535780fcf417d0e4aa83
doctrine-fixtures f09c0840df9cb7968c89acb91a9fa262f158b1c5
doctrine b1db2ad0d87419b3a7be8cc50d89cc21d89d8985
buzz 424187ec75eccf015296349be43980a95630ac9a
faker 8c34d25c03aed36bf093707ff040d9e8acd9b07f
pagerfanta a061ad2f464192e72d82fd2aa793d3eb8e397d76
swiftmailer daaff2b8515390fbb10882647311f476b89a67e6
assetic f829ad23d23c87480151a21faad49fefe7c09e5d
twig-extensions 3076c971976e1baaf86e5820c7a1da3f5c1c14eb
SensioDistributionBundle 20b66a408084ad8752f98e50f10533f5245310bf
SensioGeneratorBundle c6af9719ae9e81fa4e086f40697d35e7090921cc
AsseticBundle 41b5913b5086a0909af92adcb4a6005ee0051b16
JMSDebuggingBundle ac5f01d7195329a54c0a060c1b5185e6eea81052
MadalynnDeployBundle f1f43bd7c5d453f49cfdba05da10afabc6d342b1
OrnicarAkismetBundle 9c525963d48289174c10367d9f14f5deec58b0ab
OrnicarGravatarBundle 1bcfb07b866d2160a2af41b74ce512123f144bc9
DoctrineFixturesBundle a66be2f077f3a4e5c3801b356b42b8782f1abbd6
WhiteOctoberPagerfantaBundle 9c1d1bd119cde420ca3fd1ba2011594446d6d825